// !$*UTF8*$!
{
	archiveVersion = 1;
	classes = {
	};
	objectVersion = 77;
	objects = {

/* Begin PBXBuildFile section */
		CE27ACCC2E217F0400FECF74 /* AppDelegate.swift in Sources */ = {isa = PBXBuildFile; fileRef = CE27ACC42E217F0400FECF74 /* AppDelegate.swift */; };
		CE27ACCD2E217F0400FECF74 /* SceneDelegate.swift in Sources */ = {isa = PBXBuildFile; fileRef = CE27ACC92E217F0400FECF74 /* SceneDelegate.swift */; };
		CE27ACCF2E217F0400FECF74 /* Assets.xcassets in Resources */ = {isa = PBXBuildFile; fileRef = CE27ACC52E217F0400FECF74 /* Assets.xcassets */; };
		CE27ACD12E217F0400FECF74 /* LaunchScreen.storyboard in Resources */ = {isa = PBXBuildFile; fileRef = CE27ACC82E217F0400FECF74 /* LaunchScreen.storyboard */; };
		CE27ACDA2E218A3D00FECF74 /* NewsListViewController.swift in Sources */ = {isa = PBXBuildFile; fileRef = CE27ACD92E218A3D00FECF74 /* NewsListViewController.swift */; };
		CE27ACDC2E218B2E00FECF74 /* FavoritesViewController.swift in Sources */ = {isa = PBXBuildFile; fileRef = CE27ACDB2E218B2E00FECF74 /* FavoritesViewController.swift */; };
		CE27ACDE2E218B7A00FECF74 /* APIService.swift in Sources */ = {isa = PBXBuildFile; fileRef = CE27ACDD2E218B7A00FECF74 /* APIService.swift */; };
		CE27ACE12E218D7E00FECF74 /* NewsArticle.swift in Sources */ = {isa = PBXBuildFile; fileRef = CE27ACE02E218D7E00FECF74 /* NewsArticle.swift */; };
		CE27AD042E21AC7300FECF74 /* NewsListViewModel.swift in Sources */ = {isa = PBXBuildFile; fileRef = CE27AD032E21AC7300FECF74 /* NewsListViewModel.swift */; };
		CE27AD062E21B95200FECF74 /* NewsTableViewCell.swift in Sources */ = {isa = PBXBuildFile; fileRef = CE27AD052E21B95200FECF74 /* NewsTableViewCell.swift */; };
		CE27AD082E226A8A00FECF74 /* NewsDetailViewController.swift in Sources */ = {isa = PBXBuildFile; fileRef = CE27AD072E226A8A00FECF74 /* NewsDetailViewController.swift */; };
		CE27AD0A2E22819D00FECF74 /* FavoritesManager.swift in Sources */ = {isa = PBXBuildFile; fileRef = CE27AD092E22819D00FECF74 /* FavoritesManager.swift */; };
		CE27AD0C2E228CB200FECF74 /* ImageLoader.swift in Sources */ = {isa = PBXBuildFile; fileRef = CE27AD0B2E228CB200FECF74 /* ImageLoader.swift */; };
		CE27AD112E22DF7800FECF74 /* EmptyStateView.swift in Sources */ = {isa = PBXBuildFile; fileRef = CE27AD102E22DF7800FECF74 /* EmptyStateView.swift */; };
		CE27AD132E2449DB00FECF74 /* LatestNewsCollectionViewCell.swift in Sources */ = {isa = PBXBuildFile; fileRef = CE27AD122E2449DB00FECF74 /* LatestNewsCollectionViewCell.swift */; };
		CECFA83D2E24650C0093855C /* CategoriesFilterView.swift in Sources */ = {isa = PBXBuildFile; fileRef = CECFA83C2E24650C0093855C /* CategoriesFilterView.swift */; };
		CECFA83F2E2465350093855C /* CategoryCell.swift in Sources */ = {isa = PBXBuildFile; fileRef = CECFA83E2E2465350093855C /* CategoryCell.swift */; };
/* End PBXBuildFile section */

/* Begin PBXFileReference section */
		CE27ACAC2E217EDE00FECF74 /* NewsAggregator.app */ = {isa = PBXFileReference; explicitFileType = wrapper.application; includeInIndex = 0; path = NewsAggregator.app; sourceTree = BUILT_PRODUCTS_DIR; };
		CE27ACC42E217F0400FECF74 /* AppDelegate.swift */ = {isa = PBXFileReference; lastKnownFileType = sourcecode.swift; path = AppDelegate.swift; sourceTree = "<group>"; };
		CE27ACC52E217F0400FECF74 /* Assets.xcassets */ = {isa = PBXFileReference; lastKnownFileType = folder.assetcatalog; path = Assets.xcassets; sourceTree = "<group>"; };
		CE27ACC62E217F0400FECF74 /* Info.plist */ = {isa = PBXFileReference; lastKnownFileType = text.plist.xml; path = Info.plist; sourceTree = "<group>"; };
		CE27ACC72E217F0400FECF74 /* Base */ = {isa = PBXFileReference; lastKnownFileType = file.storyboard; name = Base; path = Base.lproj/LaunchScreen.storyboard; sourceTree = "<group>"; };
		CE27ACC92E217F0400FECF74 /* SceneDelegate.swift */ = {isa = PBXFileReference; lastKnownFileType = sourcecode.swift; path = SceneDelegate.swift; sourceTree = "<group>"; };
		CE27ACD92E218A3D00FECF74 /* NewsListViewController.swift */ = {isa = PBXFileReference; lastKnownFileType = sourcecode.swift; path = NewsListViewController.swift; sourceTree = "<group>"; };
		CE27ACDB2E218B2E00FECF74 /* FavoritesViewController.swift */ = {isa = PBXFileReference; lastKnownFileType = sourcecode.swift; path = FavoritesViewController.swift; sourceTree = "<group>"; };
		CE27ACDD2E218B7A00FECF74 /* APIService.swift */ = {isa = PBXFileReference; lastKnownFileType = sourcecode.swift; path = APIService.swift; sourceTree = "<group>"; };
		CE27ACE02E218D7E00FECF74 /* NewsArticle.swift */ = {isa = PBXFileReference; lastKnownFileType = sourcecode.swift; path = NewsArticle.swift; sourceTree = "<group>"; };
		CE27AD032E21AC7300FECF74 /* NewsListViewModel.swift */ = {isa = PBXFileReference; lastKnownFileType = sourcecode.swift; path = NewsListViewModel.swift; sourceTree = "<group>"; };
		CE27AD052E21B95200FECF74 /* NewsTableViewCell.swift */ = {isa = PBXFileReference; lastKnownFileType = sourcecode.swift; path = NewsTableViewCell.swift; sourceTree = "<group>"; };
		CE27AD072E226A8A00FECF74 /* NewsDetailViewController.swift */ = {isa = PBXFileReference; lastKnownFileType = sourcecode.swift; path = NewsDetailViewController.swift; sourceTree = "<group>"; };
		CE27AD092E22819D00FECF74 /* FavoritesManager.swift */ = {isa = PBXFileReference; lastKnownFileType = sourcecode.swift; path = FavoritesManager.swift; sourceTree = "<group>"; };
		CE27AD0B2E228CB200FECF74 /* ImageLoader.swift */ = {isa = PBXFileReference; lastKnownFileType = sourcecode.swift; path = ImageLoader.swift; sourceTree = "<group>"; };
		CE27AD102E22DF7800FECF74 /* EmptyStateView.swift */ = {isa = PBXFileReference; lastKnownFileType = sourcecode.swift; path = EmptyStateView.swift; sourceTree = "<group>"; };
		CE27AD122E2449DB00FECF74 /* LatestNewsCollectionViewCell.swift */ = {isa = PBXFileReference; lastKnownFileType = sourcecode.swift; path = LatestNewsCollectionViewCell.swift; sourceTree = "<group>"; };
		CECFA83C2E24650C0093855C /* CategoriesFilterView.swift */ = {isa = PBXFileReference; lastKnownFileType = sourcecode.swift; path = CategoriesFilterView.swift; sourceTree = "<group>"; };
		CECFA83E2E2465350093855C /* CategoryCell.swift */ = {isa = PBXFileReference; lastKnownFileType = sourcecode.swift; path = CategoryCell.swift; sourceTree = "<group>"; };
/* End PBXFileReference section */

/* Begin PBXFrameworksBuildPhase section */
		CE27ACA92E217EDE00FECF74 /* Frameworks */ = {
			isa = PBXFrameworksBuildPhase;
			buildActionMask = 2147483647;
			files = (
			);
			runOnlyForDeploymentPostprocessing = 0;
		};
/* End PBXFrameworksBuildPhase section */

/* Begin PBXGroup section */
		CE27ACA32E217EDE00FECF74 = {
			isa = PBXGroup;
			children = (
				CE27ACCB2E217F0400FECF74 /* NewsAggregator */,
				CE27ACAD2E217EDE00FECF74 /* Products */,
			);
			sourceTree = "<group>";
		};
		CE27ACAD2E217EDE00FECF74 /* Products */ = {
			isa = PBXGroup;
			children = (
				CE27ACAC2E217EDE00FECF74 /* NewsAggregator.app */,
			);
			name = Products;
			sourceTree = "<group>";
		};
		CE27ACCB2E217F0400FECF74 /* NewsAggregator */ = {
			isa = PBXGroup;
			children = (
				CE27AD0D2E228EE600FECF74 /* App */,
				CE27ACDF2E218D5900FECF74 /* Models */,
				CE27ACD22E2187CC00FECF74 /* Modules */,
				CE27ACC62E217F0400FECF74 /* Info.plist */,
				CE27ACD52E21880000FECF74 /* Utils */,
				CE27ACD42E2187EC00FECF74 /* Resources */,
				CE27ACD32E2187E500FECF74 /* Services */,
			);
			path = NewsAggregator;
			sourceTree = "<group>";
		};
		CE27ACD22E2187CC00FECF74 /* Modules */ = {
			isa = PBXGroup;
			children = (
				CE27ACD82E21894D00FECF74 /* NewsDetail */,
				CE27ACD72E21893300FECF74 /* Favorites */,
				CE27ACD62E21891E00FECF74 /* NewsList */,
			);
			path = Modules;
			sourceTree = "<group>";
		};
		CE27ACD32E2187E500FECF74 /* Services */ = {
			isa = PBXGroup;
			children = (
				CE27ACDD2E218B7A00FECF74 /* APIService.swift */,
				CE27AD092E22819D00FECF74 /* FavoritesManager.swift */,
				CE27AD0B2E228CB200FECF74 /* ImageLoader.swift */,
			);
			path = Services;
			sourceTree = "<group>";
		};
		CE27ACD42E2187EC00FECF74 /* Resources */ = {
			isa = PBXGroup;
			children = (
				CE27ACC52E217F0400FECF74 /* Assets.xcassets */,
				CE27ACC82E217F0400FECF74 /* LaunchScreen.storyboard */,
			);
			path = Resources;
			sourceTree = "<group>";
		};
		CE27ACD52E21880000FECF74 /* Utils */ = {
			isa = PBXGroup;
			children = (
			);
			path = Utils;
			sourceTree = "<group>";
		};
		CE27ACD62E21891E00FECF74 /* NewsList */ = {
			isa = PBXGroup;
			children = (
				CECFA8422E24CB620093855C /* ViewModel */,
				CECFA8412E24CB490093855C /* View */,
				CECFA8402E24CB1E0093855C /* ViewController */,
			);
			path = NewsList;
			sourceTree = "<group>";
		};
		CE27ACD72E21893300FECF74 /* Favorites */ = {
			isa = PBXGroup;
			children = (
				CECFA8442E24CBC70093855C /* View */,
				CECFA8432E24CB780093855C /* ViewController */,
			);
			path = Favorites;
			sourceTree = "<group>";
		};
		CE27ACD82E21894D00FECF74 /* NewsDetail */ = {
			isa = PBXGroup;
			children = (
				CE27AD072E226A8A00FECF74 /* NewsDetailViewController.swift */,
			);
			path = NewsDetail;
			sourceTree = "<group>";
		};
		CE27ACDF2E218D5900FECF74 /* Models */ = {
			isa = PBXGroup;
			children = (
				CE27ACE02E218D7E00FECF74 /* NewsArticle.swift */,
			);
			path = Models;
			sourceTree = "<group>";
		};
		CE27AD0D2E228EE600FECF74 /* App */ = {
			isa = PBXGroup;
			children = (
				CE27ACC92E217F0400FECF74 /* SceneDelegate.swift */,
				CE27ACC42E217F0400FECF74 /* AppDelegate.swift */,
			);
			path = App;
			sourceTree = "<group>";
		};
		CECFA8402E24CB1E0093855C /* ViewController */ = {
			isa = PBXGroup;
			children = (
				CE27ACD92E218A3D00FECF74 /* NewsListViewController.swift */,
			);
			path = ViewController;
			sourceTree = "<group>";
		};
		CECFA8412E24CB490093855C /* View */ = {
			isa = PBXGroup;
			children = (
				CE27AD052E21B95200FECF74 /* NewsTableViewCell.swift */,
				CE27AD122E2449DB00FECF74 /* LatestNewsCollectionViewCell.swift */,
				CECFA83C2E24650C0093855C /* CategoriesFilterView.swift */,
				CECFA83E2E2465350093855C /* CategoryCell.swift */,
			);
			path = View;
			sourceTree = "<group>";
		};
		CECFA8422E24CB620093855C /* ViewModel */ = {
			isa = PBXGroup;
			children = (
				CE27AD032E21AC7300FECF74 /* NewsListViewModel.swift */,
			);
			path = ViewModel;
			sourceTree = "<group>";
		};
		CECFA8432E24CB780093855C /* ViewController */ = {
			isa = PBXGroup;
			children = (
				CE27ACDB2E218B2E00FECF74 /* FavoritesViewController.swift */,
			);
			path = ViewController;
			sourceTree = "<group>";
		};
		CECFA8442E24CBC70093855C /* View */ = {
			isa = PBXGroup;
			children = (
				CE27AD102E22DF7800FECF74 /* EmptyStateView.swift */,
			);
			path = View;
			sourceTree = "<group>";
		};
/* End PBXGroup section */

/* Begin PBXNativeTarget section */
		CE27ACAB2E217EDE00FECF74 /* NewsAggregator */ = {
			isa = PBXNativeTarget;
			buildConfigurationList = CE27ACBF2E217EE100FECF74 /* Build configuration list for PBXNativeTarget "NewsAggregator" */;
			buildPhases = (
				CE27ACA82E217EDE00FECF74 /* Sources */,
				CE27ACA92E217EDE00FECF74 /* Frameworks */,
				CE27ACAA2E217EDE00FECF74 /* Resources */,
			);
			buildRules = (
			);
			dependencies = (
			);
			name = NewsAggregator;
			packageProductDependencies = (
			);
			productName = NewsAggregator;
			productReference = CE27ACAC2E217EDE00FECF74 /* NewsAggregator.app */;
			productType = "com.apple.product-type.application";
		};
/* End PBXNativeTarget section */

/* Begin PBXProject section */
		CE27ACA42E217EDE00FECF74 /* Project object */ = {
			isa = PBXProject;
			attributes = {
				BuildIndependentTargetsInParallel = 1;
				LastSwiftUpdateCheck = 1640;
				LastUpgradeCheck = 1640;
				TargetAttributes = {
					CE27ACAB2E217EDE00FECF74 = {
						CreatedOnToolsVersion = 16.4;
					};
				};
			};
			buildConfigurationList = CE27ACA72E217EDE00FECF74 /* Build configuration list for PBXProject "NewsAggregator" */;
			developmentRegion = en;
			hasScannedForEncodings = 0;
			knownRegions = (
				en,
				Base,
			);
			mainGroup = CE27ACA32E217EDE00FECF74;
			minimizedProjectReferenceProxies = 1;
			preferredProjectObjectVersion = 77;
			productRefGroup = CE27ACAD2E217EDE00FECF74 /* Products */;
			projectDirPath = "";
			projectRoot = "";
			targets = (
				CE27ACAB2E217EDE00FECF74 /* NewsAggregator */,
			);
		};
/* End PBXProject section */

/* Begin PBXResourcesBuildPhase section */
		CE27ACAA2E217EDE00FECF74 /* Resources */ = {
			isa = PBXResourcesBuildPhase;
			buildActionMask = 2147483647;
			files = (
				CE27ACCF2E217F0400FECF74 /* Assets.xcassets in Resources */,
				CE27ACD12E217F0400FECF74 /* LaunchScreen.storyboard in Resources */,
			);
			runOnlyForDeploymentPostprocessing = 0;
		};
/* End PBXResourcesBuildPhase section */

/* Begin PBXSourcesBuildPhase section */
		CE27ACA82E217EDE00FECF74 /* Sources */ = {
			isa = PBXSourcesBuildPhase;
			buildActionMask = 2147483647;
			files = (
				CE27ACE12E218D7E00FECF74 /* NewsArticle.swift in Sources */,
				CE27AD0A2E22819D00FECF74 /* FavoritesManager.swift in Sources */,
				CE27ACCC2E217F0400FECF74 /* AppDelegate.swift in Sources */,
				CE27AD062E21B95200FECF74 /* NewsTableViewCell.swift in Sources */,
				CE27ACCD2E217F0400FECF74 /* SceneDelegate.swift in Sources */,
				CE27AD0C2E228CB200FECF74 /* ImageLoader.swift in Sources */,
				CECFA83D2E24650C0093855C /* CategoriesFilterView.swift in Sources */,
				CE27AD112E22DF7800FECF74 /* EmptyStateView.swift in Sources */,
				CE27ACDC2E218B2E00FECF74 /* FavoritesViewController.swift in Sources */,
				CE27ACDE2E218B7A00FECF74 /* APIService.swift in Sources */,
				CE27AD082E226A8A00FECF74 /* NewsDetailViewController.swift in Sources */,
				CE27AD042E21AC7300FECF74 /* NewsListViewModel.swift in Sources */,
				CE27ACDA2E218A3D00FECF74 /* NewsListViewController.swift in Sources */,
				CE27AD132E2449DB00FECF74 /* LatestNewsCollectionViewCell.swift in Sources */,
				CECFA83F2E2465350093855C /* CategoryCell.swift in Sources */,
			);
			runOnlyForDeploymentPostprocessing = 0;
		};
/* End PBXSourcesBuildPhase section */

/* Begin PBXVariantGroup section */
		CE27ACC82E217F0400FECF74 /* LaunchScreen.storyboard */ = {
			isa = PBXVariantGroup;
			children = (
				CE27ACC72E217F0400FECF74 /* Base */,
			);
			name = LaunchScreen.storyboard;
			sourceTree = "<group>";
		};
/* End PBXVariantGroup section */

/* Begin XCBuildConfiguration section */
		CE27ACC02E217EE100FECF74 /* Debug */ = {
			isa = XCBuildConfiguration;
			buildSettings = {
				ASSETCATALOG_COMPILER_APPICON_NAME = AppIcon;
				ASSETCATALOG_COMPILER_GLOBAL_ACCENT_COLOR_NAME = AccentColor;
				CODE_SIGN_STYLE = Automatic;
				CURRENT_PROJECT_VERSION = 1;
				DEVELOPMENT_TEAM = WQRR65523H;
				GENERATE_INFOPLIST_FILE = YES;
				INFOPLIST_FILE = NewsAggregator/Info.plist;
				INFOPLIST_KEY_UIApplicationSupportsIndirectInputEvents = YES;
				INFOPLIST_KEY_UILaunchStoryboardName = LaunchScreen;
				INFOPLIST_KEY_UISupportedInterfaceOrientations_iPad = "UIInterfaceOrientationPortrait UIInterfaceOrientationPortraitUpsideDown UIInterfaceOrientationLandscapeLeft UIInterfaceOrientationLandscapeRight";
				INFOPLIST_KEY_UISupportedInterfaceOrientations_iPhone = "UIInterfaceOrientationPortrait UIInterfaceOrientationLandscapeLeft UIInterfaceOrientationLandscapeRight";
				LD_RUNPATH_SEARCH_PATHS = (
					"$(inherited)",
					"@executable_path/Frameworks",
				);
				MARKETING_VERSION = 1.0;
				PRODUCT_BUNDLE_IDENTIFIER = nope.NewsAggregator;
				PRODUCT_NAME = "$(TARGET_NAME)";
				SWIFT_EMIT_LOC_STRINGS = YES;
				SWIFT_VERSION = 5.0;
				TARGETED_DEVICE_FAMILY = "1,2";
			};
			name = Debug;
		};
		CE27ACC12E217EE100FECF74 /* Release */ = {
			isa = XCBuildConfiguration;
			buildSettings = {
				ASSETCATALOG_COMPILER_APPICON_NAME = AppIcon;
				ASSETCATALOG_COMPILER_GLOBAL_ACCENT_COLOR_NAME = AccentColor;
				CODE_SIGN_STYLE = Automatic;
				CURRENT_PROJECT_VERSION = 1;
				DEVELOPMENT_TEAM = WQRR65523H;
				GENERATE_INFOPLIST_FILE = YES;
				INFOPLIST_FILE = NewsAggregator/Info.plist;
				INFOPLIST_KEY_UIApplicationSupportsIndirectInputEvents = YES;
				INFOPLIST_KEY_UILaunchStoryboardName = LaunchScreen;
				INFOPLIST_KEY_UISupportedInterfaceOrientations_iPad = "UIInterfaceOrientationPortrait UIInterfaceOrientationPortraitUpsideDown UIInterfaceOrientationLandscapeLeft UIInterfaceOrientationLandscapeRight";
				INFOPLIST_KEY_UISupportedInterfaceOrientations_iPhone = "UIInterfaceOrientationPortrait UIInterfaceOrientationLandscapeLeft UIInterfaceOrientationLandscapeRight";
				LD_RUNPATH_SEARCH_PATHS = (
					"$(inherited)",
					"@executable_path/Frameworks",
				);
				MARKETING_VERSION = 1.0;
				PRODUCT_BUNDLE_IDENTIFIER = nope.NewsAggregator;
				PRODUCT_NAME = "$(TARGET_NAME)";
				SWIFT_EMIT_LOC_STRINGS = YES;
				SWIFT_VERSION = 5.0;
				TARGETED_DEVICE_FAMILY = "1,2";
			};
			name = Release;
		};
		CE27ACC22E217EE100FECF74 /* Debug */ = {
			isa = XCBuildConfiguration;
			buildSettings = {
				ALWAYS_SEARCH_USER_PATHS = NO;
				ASSETCATALOG_COMPILER_GENERATE_SWIFT_ASSET_SYMBOL_EXTENSIONS = YES;
				CLANG_ANALYZER_NONNULL = YES;
				CLANG_ANALYZER_NUMBER_OBJECT_CONVERSION = YES_AGGRESSIVE;
				CLANG_CXX_LANGUAGE_STANDARD = "gnu++20";
				CLANG_ENABLE_MODULES = YES;
				CLANG_ENABLE_OBJC_ARC = YES;
				CLANG_ENABLE_OBJC_WEAK = YES;
				CLANG_WARN_BLOCK_CAPTURE_AUTORELEASING = YES;
				CLANG_WARN_BOOL_CONVERSION = YES;
				CLANG_WARN_COMMA = YES;
				CLANG_WARN_CONSTANT_CONVERSION = YES;
				CLANG_WARN_DEPRECATED_OBJC_IMPLEMENTATIONS = YES;
				CLANG_WARN_DIRECT_OBJC_ISA_USAGE = YES_ERROR;
				CLANG_WARN_DOCUMENTATION_COMMENTS = YES;
				CLANG_WARN_EMPTY_BODY = YES;
				CLANG_WARN_ENUM_CONVERSION = YES;
				CLANG_WARN_INFINITE_RECURSION = YES;
				CLANG_WARN_INT_CONVERSION = YES;
				CLANG_WARN_NON_LITERAL_NULL_CONVERSION = YES;
				CLANG_WARN_OBJC_IMPLICIT_RETAIN_SELF = YES;
				CLANG_WARN_OBJC_LITERAL_CONVERSION = YES;
				CLANG_WARN_OBJC_ROOT_CLASS = YES_ERROR;
				CLANG_WARN_QUOTED_INCLUDE_IN_FRAMEWORK_HEADER = YES;
				CLANG_WARN_RANGE_LOOP_ANALYSIS = YES;
				CLANG_WARN_STRICT_PROTOTYPES = YES;
				CLANG_WARN_SUSPICIOUS_MOVE = YES;
				CLANG_WARN_UNGUARDED_AVAILABILITY = YES_AGGRESSIVE;
				CLANG_WARN_UNREACHABLE_CODE = YES;
				CLANG_WARN__DUPLICATE_METHOD_MATCH = YES;
				COPY_PHASE_STRIP = NO;
				DEBUG_INFORMATION_FORMAT = dwarf;
				DEVELOPMENT_TEAM = WQRR65523H;
				ENABLE_STRICT_OBJC_MSGSEND = YES;
				ENABLE_TESTABILITY = YES;
				ENABLE_USER_SCRIPT_SANDBOXING = YES;
				GCC_C_LANGUAGE_STANDARD = gnu17;
				GCC_DYNAMIC_NO_PIC = NO;
				GCC_NO_COMMON_BLOCKS = YES;
				GCC_OPTIMIZATION_LEVEL = 0;
				GCC_PREPROCESSOR_DEFINITIONS = (
					"DEBUG=1",
					"$(inherited)",
				);
				GCC_WARN_64_TO_32_BIT_CONVERSION = YES;
				GCC_WARN_ABOUT_RETURN_TYPE = YES_ERROR;
				GCC_WARN_UNDECLARED_SELECTOR = YES;
				GCC_WARN_UNINITIALIZED_AUTOS = YES_AGGRESSIVE;
				GCC_WARN_UNUSED_FUNCTION = YES;
				GCC_WARN_UNUSED_VARIABLE = YES;
				IPHONEOS_DEPLOYMENT_TARGET = 18.5;
				LOCALIZATION_PREFERS_STRING_CATALOGS = YES;
				MTL_ENABLE_DEBUG_INFO = INCLUDE_SOURCE;
				MTL_FAST_MATH = YES;
				ONLY_ACTIVE_ARCH = YES;
				SDKROOT = iphoneos;
				SWIFT_ACTIVE_COMPILATION_CONDITIONS = "DEBUG $(inherited)";
				SWIFT_OPTIMIZATION_LEVEL = "-Onone";
			};
			name = Debug;
		};
		CE27ACC32E217EE100FECF74 /* Release */ = {
			isa = XCBuildConfiguration;
			buildSettings = {
				ALWAYS_SEARCH_USER_PATHS = NO;
				ASSETCATALOG_COMPILER_GENERATE_SWIFT_ASSET_SYMBOL_EXTENSIONS = YES;
				CLANG_ANALYZER_NONNULL = YES;
				CLANG_ANALYZER_NUMBER_OBJECT_CONVERSION = YES_AGGRESSIVE;
				CLANG_CXX_LANGUAGE_STANDARD = "gnu++20";
				CLANG_ENABLE_MODULES = YES;
				CLANG_ENABLE_OBJC_ARC = YES;
				CLANG_ENABLE_OBJC_WEAK = YES;
				CLANG_WARN_BLOCK_CAPTURE_AUTORELEASING = YES;
				CLANG_WARN_BOOL_CONVERSION = YES;
				CLANG_WARN_COMMA = YES;
				CLANG_WARN_CONSTANT_CONVERSION = YES;
				CLANG_WARN_DEPRECATED_OBJC_IMPLEMENTATIONS = YES;
				CLANG_WARN_DIRECT_OBJC_ISA_USAGE = YES_ERROR;
				CLANG_WARN_DOCUMENTATION_COMMENTS = YES;
				CLANG_WARN_EMPTY_BODY = YES;
				CLANG_WARN_ENUM_CONVERSION = YES;
				CLANG_WARN_INFINITE_RECURSION = YES;
				CLANG_WARN_INT_CONVERSION = YES;
				CLANG_WARN_NON_LITERAL_NULL_CONVERSION = YES;
				CLANG_WARN_OBJC_IMPLICIT_RETAIN_SELF = YES;
				CLANG_WARN_OBJC_LITERAL_CONVERSION = YES;
				CLANG_WARN_OBJC_ROOT_CLASS = YES_ERROR;
				CLANG_WARN_QUOTED_INCLUDE_IN_FRAMEWORK_HEADER = YES;
				CLANG_WARN_RANGE_LOOP_ANALYSIS = YES;
				CLANG_WARN_STRICT_PROTOTYPES = YES;
				CLANG_WARN_SUSPICIOUS_MOVE = YES;
				CLANG_WARN_UNGUARDED_AVAILABILITY = YES_AGGRESSIVE;
				CLANG_WARN_UNREACHABLE_CODE = YES;
				CLANG_WARN__DUPLICATE_METHOD_MATCH = YES;
				COPY_PHASE_STRIP = NO;
				DEBUG_INFORMATION_FORMAT = "dwarf-with-dsym";
				DEVELOPMENT_TEAM = WQRR65523H;
				ENABLE_NS_ASSERTIONS = NO;
				ENABLE_STRICT_OBJC_MSGSEND = YES;
				ENABLE_USER_SCRIPT_SANDBOXING = YES;
				GCC_C_LANGUAGE_STANDARD = gnu17;
				GCC_NO_COMMON_BLOCKS = YES;
				GCC_WARN_64_TO_32_BIT_CONVERSION = YES;
				GCC_WARN_ABOUT_RETURN_TYPE = YES_ERROR;
				GCC_WARN_UNDECLARED_SELECTOR = YES;
				GCC_WARN_UNINITIALIZED_AUTOS = YES_AGGRESSIVE;
				GCC_WARN_UNUSED_FUNCTION = YES;
				GCC_WARN_UNUSED_VARIABLE = YES;
				IPHONEOS_DEPLOYMENT_TARGET = 18.5;
				LOCALIZATION_PREFERS_STRING_CATALOGS = YES;
				MTL_ENABLE_DEBUG_INFO = NO;
				MTL_FAST_MATH = YES;
				SDKROOT = iphoneos;
				SWIFT_COMPILATION_MODE = wholemodule;
				VALIDATE_PRODUCT = YES;
			};
			name = Release;
		};
/* End XCBuildConfiguration section */

/* Begin XCConfigurationList section */
		CE27ACA72E217EDE00FECF74 /* Build configuration list for PBXProject "NewsAggregator" */ = {
			isa = XCConfigurationList;
			buildConfigurations = (
				CE27ACC22E217EE100FECF74 /* Debug */,
				CE27ACC32E217EE100FECF74 /* Release */,
			);
			defaultConfigurationIsVisible = 0;
			defaultConfigurationName = Release;
		};
		CE27ACBF2E217EE100FECF74 /* Build configuration list for PBXNativeTarget "NewsAggregator" */ = {
			isa = XCConfigurationList;
			buildConfigurations = (
				CE27ACC02E217EE100FECF74 /* Debug */,
				CE27ACC12E217EE100FECF74 /* Release */,
			);
			defaultConfigurationIsVisible = 0;
			defaultConfigurationName = Release;
		};
/* End XCConfigurationList section */
	};
	rootObject = CE27ACA42E217EDE00FECF74 /* Project object */;
}
